# This file is @generated by PDM.
# It is not intended for manual editing.

[metadata]
groups = ["default"]
strategy = ["inherit_metadata"]
lock_version = "4.5.0"
content_hash = "sha256:966ef6f1aaeee05546ee5475710dfac9e8c1fac936190930541b85c8bcffe737"

[[metadata.targets]]
requires_python = ">=3.11,<3.13"

[[package]]
name = "asgiref"
version = "3.11.0"
requires_python = ">=3.9"
summary = "ASGI specs, helper code, and adapters"
groups = ["default"]
dependencies = [
    "typing-extensions>=4; python_version < \"3.11\"",
]
files = [
    {file = "asgiref-3.11.0-py3-none-any.whl", hash = "sha256:1db9021efadb0d9512ce8ffaf72fcef601c7b73a8807a1bb2ef143dc6b14846d"},
    {file = "asgiref-3.11.0.tar.gz", hash = "sha256:13acff32519542a1736223fb79a715acdebe24286d98e8b164a73085f40da2c4"},
]

[[package]]
name = "django"
version = "3.2.25"
requires_python = ">=3.6"
summary = "A high-level Python Web framework that encourages rapid development and clean, pragmatic design."
groups = ["default"]
dependencies = [
    "asgiref<4,>=3.3.2",
    "pytz",
    "sqlparse>=0.2.2",
]
files = [
    {file = "Django-3.2.25-py3-none-any.whl", hash = "sha256:a52ea7fcf280b16f7b739cec38fa6d3f8953a5456986944c3ca97e79882b4e38"},
    {file = "Django-3.2.25.tar.gz", hash = "sha256:7ca38a78654aee72378594d63e51636c04b8e28574f5505dff630895b5472777"},
]

[[package]]
name = "mysqlclient"
version = "2.2.7"
requires_python = ">=3.8"
summary = "Python interface to MySQL"
groups = ["default"]
files = [
    {file = "mysqlclient-2.2.7-cp311-cp311-win_amd64.whl", hash = "sha256:a22d99d26baf4af68ebef430e3131bb5a9b722b79a9fcfac6d9bbf8a88800687"},
    {file = "mysqlclient-2.2.7-cp312-cp312-win_amd64.whl", hash = "sha256:4b4c0200890837fc64014cc938ef2273252ab544c1b12a6c1d674c23943f3f2e"},
    {file = "mysqlclient-2.2.7.tar.gz", hash = "sha256:24ae22b59416d5fcce7e99c9d37548350b4565baac82f95e149cac6ce4163845"},
]

[[package]]
name = "python-dotenv"
version = "1.2.1"
requires_python = ">=3.9"
summary = "Read key-value pairs from a .env file and set them as environment variables"
groups = ["default"]
files = [
    {file = "python_dotenv-1.2.1-py3-none-any.whl", hash = "sha256:b81ee9561e9ca4004139c6cbba3a238c32b03e4894671e181b671e8cb8425d61"},
    {file = "python_dotenv-1.2.1.tar.gz", hash = "sha256:42667e897e16ab0d66954af0e60a9caa94f0fd4ecf3aaf6d2d260eec1aa36ad6"},
]

[[package]]
name = "pytz"
version = "2025.2"
summary = "World timezone definitions, modern and historical"
groups = ["default"]
files = [
    {file = "pytz-2025.2-py2.py3-none-any.whl", hash = "sha256:5ddf76296dd8c44c26eb8f4b6f35488f3ccbf6fbbd7adee0b7262d43f0ec2f00"},
    {file = "pytz-2025.2.tar.gz", hash = "sha256:360b9e3dbb49a209c21ad61809c7fb453643e048b38924c765813546746e81c3"},
]

[[package]]
name = "sqlparse"
version = "0.5.5"
requires_python = ">=3.8"
summary = "A non-validating SQL parser."
groups = ["default"]
files = [
    {file = "sqlparse-0.5.5-py3-none-any.whl", hash = "sha256:12a08b3bf3eec877c519589833aed092e2444e68240a3577e8e26148acc7b1ba"},
    {file = "sqlparse-0.5.5.tar.gz", hash = "sha256:e20d4a9b0b8585fdf63b10d30066c7c94c5d7a7ec47c889a2d83a3caa93ff28e"},
]
